// !$*UTF8*$!
{
	archiveVersion = 1;
	classes = {
	};
	objectVersion = 52;
	objects = {

/* Begin PBXBuildFile section */
		42122BB3D27AB02A67E5B924 /* Pods_HarryPotterTriviaNight.framework in Frameworks */ = {isa = PBXBuildFile; fileRef = 274FAB62CB3777FAD32CB169 /* Pods_HarryPotterTriviaNight.framework */; };
		D9069DE3230A20C2008BE435 /* Teams.swift in Sources */ = {isa = PBXBuildFile; fileRef = D9069DE2230A20C2008BE435 /* Teams.swift */; };
		D90F61C425B4B99700FC070D /* smoke1.mp4 in Resources */ = {isa = PBXBuildFile; fileRef = D90F61C325B4B99700FC070D /* smoke1.mp4 */; };
		D90F61C925B4BFB000FC070D /* smoke.mp4 in Resources */ = {isa = PBXBuildFile; fileRef = D90F61C825B4BFB000FC070D /* smoke.mp4 */; };
		D90F61CC25B4C56A00FC070D /* background_music.mp3 in Resources */ = {isa = PBXBuildFile; fileRef = D90F61CB25B4C56A00FC070D /* background_music.mp3 */; };
		D916452523F1153900CCBD71 /* RulesAndCreditsViewController.swift in Sources */ = {isa = PBXBuildFile; fileRef = D916452423F1153900CCBD71 /* RulesAndCreditsViewController.swift */; };
		D916452823F146E500CCBD71 /* RulesViewController.swift in Sources */ = {isa = PBXBuildFile; fileRef = D916452623F146E500CCBD71 /* RulesViewController.swift */; };
		D916452923F146E500CCBD71 /* RulesViewController.xib in Resources */ = {isa = PBXBuildFile; fileRef = D916452723F146E500CCBD71 /* RulesViewController.xib */; };
		D916452D23F1471F00CCBD71 /* CreditsViewController.swift in Sources */ = {isa = PBXBuildFile; fileRef = D916452B23F1471F00CCBD71 /* CreditsViewController.swift */; };
		D916452E23F1471F00CCBD71 /* CreditsViewController.xib in Resources */ = {isa = PBXBuildFile; fileRef = D916452C23F1471F00CCBD71 /* CreditsViewController.xib */; };
		D92475DE287F9B8F0094D1CB /* Localizable.strings in Resources */ = {isa = PBXBuildFile; fileRef = D92475E0287F9B8F0094D1CB /* Localizable.strings */; };
		D9251F6B2584BCA50069C6EA /* BlitzQuestionViewController.swift in Sources */ = {isa = PBXBuildFile; fileRef = D9251F6A2584BCA50069C6EA /* BlitzQuestionViewController.swift */; };
		D9251F6F2584BCB20069C6EA /* BlitzResultsViewController.swift in Sources */ = {isa = PBXBuildFile; fileRef = D9251F6E2584BCB20069C6EA /* BlitzResultsViewController.swift */; };
		D9251F722584BCF60069C6EA /* SurvivalQuestionViewController.swift in Sources */ = {isa = PBXBuildFile; fileRef = D9251F712584BCF60069C6EA /* SurvivalQuestionViewController.swift */; };
		D9251F752584BD000069C6EA /* SurvivalResultsViewController.swift in Sources */ = {isa = PBXBuildFile; fileRef = D9251F742584BD000069C6EA /* SurvivalResultsViewController.swift */; };
		D9251F792584C0440069C6EA /* ConvertAllJSON.swift in Sources */ = {isa = PBXBuildFile; fileRef = D9251F782584C0440069C6EA /* ConvertAllJSON.swift */; };
		D9251F7C2584C2070069C6EA /* AllQuestion.swift in Sources */ = {isa = PBXBuildFile; fileRef = D9251F7B2584C2070069C6EA /* AllQuestion.swift */; };
		D9251F80258586FF0069C6EA /* GameButton.swift in Sources */ = {isa = PBXBuildFile; fileRef = D9251F7F258586FF0069C6EA /* GameButton.swift */; };
		D9251F8325888DC20069C6EA /* ScoresViewController.swift in Sources */ = {isa = PBXBuildFile; fileRef = D9251F8225888DC20069C6EA /* ScoresViewController.swift */; };
		D92BB1092550F2FF00BF84BE /* GameCreditsViewController.swift in Sources */ = {isa = PBXBuildFile; fileRef = D92BB1082550F2FF00BF84BE /* GameCreditsViewController.swift */; };
		D945B8EF22B6E91B0087E171 /* AppDelegate.swift in Sources */ = {isa = PBXBuildFile; fileRef = D945B8EE22B6E91B0087E171 /* AppDelegate.swift */; };
		D945B8F122B6E91B0087E171 /* ViewController.swift in Sources */ = {isa = PBXBuildFile; fileRef = D945B8F022B6E91B0087E171 /* ViewController.swift */; };
		D945B8F422B6E91B0087E171 /* Main.storyboard in Resources */ = {isa = PBXBuildFile; fileRef = D945B8F222B6E91B0087E171 /* Main.storyboard */; };
		D945B8F622B6E91D0087E171 /* Assets.xcassets in Resources */ = {isa = PBXBuildFile; fileRef = D945B8F522B6E91D0087E171 /* Assets.xcassets */; };
		D945B8F922B6E91D0087E171 /* LaunchScreen.storyboard in Resources */ = {isa = PBXBuildFile; fileRef = D945B8F722B6E91D0087E171 /* LaunchScreen.storyboard */; };
		D945B90222B9C99C0087E171 /* ParryHotter.ttf in Resources */ = {isa = PBXBuildFile; fileRef = D945B90122B9C99C0087E171 /* ParryHotter.ttf */; };
		D967AFF32782D44D00A4B29D /* buttonClick.mp3 in Resources */ = {isa = PBXBuildFile; fileRef = D967AFF22782D44D00A4B29D /* buttonClick.mp3 */; };
		D97AB16722BB1A2900124CAC /* GoogleService-Info.plist in Resources */ = {isa = PBXBuildFile; fileRef = D97AB16622BB1A2900124CAC /* GoogleService-Info.plist */; };
		D97AB16922BDAB2200124CAC /* Question.swift in Sources */ = {isa = PBXBuildFile; fileRef = D97AB16822BDAB2200124CAC /* Question.swift */; };
		D97AB16B22BDEAF600124CAC /* QuestionViewController.swift in Sources */ = {isa = PBXBuildFile; fileRef = D97AB16A22BDEAF500124CAC /* QuestionViewController.swift */; };
		D97AB16D22C5925D00124CAC /* House.swift in Sources */ = {isa = PBXBuildFile; fileRef = D97AB16C22C5925D00124CAC /* House.swift */; };
		D981C7EE27B8F795000831CF /* PotionsClassViewController.swift in Sources */ = {isa = PBXBuildFile; fileRef = D981C7ED27B8F795000831CF /* PotionsClassViewController.swift */; };
		D98D09F4254BDF5C00423F08 /* PartyRulesViewController.swift in Sources */ = {isa = PBXBuildFile; fileRef = D98D09F3254BDF5C00423F08 /* PartyRulesViewController.swift */; };
		D98D0A06254BF21E00423F08 /* ClassicPlayViewController.swift in Sources */ = {isa = PBXBuildFile; fileRef = D98D0A05254BF21E00423F08 /* ClassicPlayViewController.swift */; };
		D98D0A0A254BF41600423F08 /* ConvertSoloQuestions.swift in Sources */ = {isa = PBXBuildFile; fileRef = D98D0A09254BF41600423F08 /* ConvertSoloQuestions.swift */; };
		D98DCB032544FB2B0092B483 /* ModeSelectViewController.swift in Sources */ = {isa = PBXBuildFile; fileRef = D98DCB022544FB2B0092B483 /* ModeSelectViewController.swift */; };
		D992D4A62545293300EEAC9F /* Extensions.swift in Sources */ = {isa = PBXBuildFile; fileRef = D992D4A52545293300EEAC9F /* Extensions.swift */; };
		D992D4A825452C6C00EEAC9F /* Constants.swift in Sources */ = {isa = PBXBuildFile; fileRef = D992D4A725452C6C00EEAC9F /* Constants.swift */; };
		D992D4AA2545470300EEAC9F /* ClassicQuestionSelectionViewController.swift in Sources */ = {isa = PBXBuildFile; fileRef = D992D4A92545470300EEAC9F /* ClassicQuestionSelectionViewController.swift */; };
		D99F66A825591B89000EE745 /* harryPotterSoloQuestions.json in Resources */ = {isa = PBXBuildFile; fileRef = D99F66A725591B89000EE745 /* harryPotterSoloQuestions.json */; };
		D99F66AB255A0035000EE745 /* harry_potter_font.TTF in Resources */ = {isa = PBXBuildFile; fileRef = D99F66AA255A0035000EE745 /* harry_potter_font.TTF */; };
		D99F66AE255A03F2000EE745 /* ClassicScoreResultsViewController.swift in Sources */ = {isa = PBXBuildFile; fileRef = D99F66AD255A03F2000EE745 /* ClassicScoreResultsViewController.swift */; };
		D99F66B2255DF158000EE745 /* ConfigureVaryingSizes.swift in Sources */ = {isa = PBXBuildFile; fileRef = D99F66B1255DF158000EE745 /* ConfigureVaryingSizes.swift */; };
		D9AFF59725B3E213005D260A /* fantasticBeastsQuestions.json in Resources */ = {isa = PBXBuildFile; fileRef = D9AFF59625B3E213005D260A /* fantasticBeastsQuestions.json */; };
		D9DAFD412320833500A87632 /* harryPotterTriviaQuestions.json in Resources */ = {isa = PBXBuildFile; fileRef = D9DAFD402320833500A87632 /* harryPotterTriviaQuestions.json */; };
		D9DAFD432324779E00A87632 /* ResultsViewController.swift in Sources */ = {isa = PBXBuildFile; fileRef = D9DAFD422324779E00A87632 /* ResultsViewController.swift */; };
		D9FA2C5E27E5C369005C3939 /* TextButton.swift in Sources */ = {isa = PBXBuildFile; fileRef = D9FA2C5D27E5C369005C3939 /* TextButton.swift */; };
		D9FA2C6027E5C71D005C3939 /* WhiteLabel.swift in Sources */ = {isa = PBXBuildFile; fileRef = D9FA2C5F27E5C71D005C3939 /* WhiteLabel.swift */; };
		D9FA2C6427E81ABE005C3939 /* ConvertHangmanWords.swift in Sources */ = {isa = PBXBuildFile; fileRef = D9FA2C6327E81ABE005C3939 /* ConvertHangmanWords.swift */; };
		D9FA2C8827EAF1DA005C3939 /* PotionsClassCategorySelectViewController.swift in Sources */ = {isa = PBXBuildFile; fileRef = D9FA2C8727EAF1D9005C3939 /* PotionsClassCategorySelectViewController.swift */; };
		D9FA2C9127EC0552005C3939 /* Spells.json in Resources */ = {isa = PBXBuildFile; fileRef = D9FA2C8A27EC0551005C3939 /* Spells.json */; };
		D9FA2C9227EC0552005C3939 /* Locations.json in Resources */ = {isa = PBXBuildFile; fileRef = D9FA2C8B27EC0551005C3939 /* Locations.json */; };
		D9FA2C9327EC0552005C3939 /* Order Members.json in Resources */ = {isa = PBXBuildFile; fileRef = D9FA2C8C27EC0551005C3939 /* Order Members.json */; };
		D9FA2C9427EC0552005C3939 /* Characters.json in Resources */ = {isa = PBXBuildFile; fileRef = D9FA2C8D27EC0551005C3939 /* Characters.json */; };
		D9FA2C9527EC0552005C3939 /* Potions.json in Resources */ = {isa = PBXBuildFile; fileRef = D9FA2C8E27EC0551005C3939 /* Potions.json */; };
		D9FA2C9627EC0552005C3939 /* Magical Beasts.json in Resources */ = {isa = PBXBuildFile; fileRef = D9FA2C8F27EC0551005C3939 /* Magical Beasts.json */; };
		D9FA2C9727EC0552005C3939 /* Death Eaters.json in Resources */ = {isa = PBXBuildFile; fileRef = D9FA2C9027EC0551005C3939 /* Death Eaters.json */; };
		D9FA2C9927EFD6D9005C3939 /* HangmanCell.swift in Sources */ = {isa = PBXBuildFile; fileRef = D9FA2C9827EFD6D9005C3939 /* HangmanCell.swift */; };
/* End PBXBuildFile section */

/* Begin PBXFileReference section */
		274FAB62CB3777FAD32CB169 /* Pods_HarryPotterTriviaNight.framework */ = {isa = PBXFileReference; explicitFileType = wrapper.framework; includeInIndex = 0; path = Pods_HarryPotterTriviaNight.framework; sourceTree = BUILT_PRODUCTS_DIR; };
		2A6EC13A5D995217C99BE26E /* Pods-HarryPotterTriviaNight.release.xcconfig */ = {isa = PBXFileReference; includeInIndex = 1; lastKnownFileType = text.xcconfig; name = "Pods-HarryPotterTriviaNight.release.xcconfig"; path = "Target Support Files/Pods-HarryPotterTriviaNight/Pods-HarryPotterTriviaNight.release.xcconfig"; sourceTree = "<group>"; };
		59B9A759F01725057B3365B2 /* Pods-HarryPotterTriviaNight.debug.xcconfig */ = {isa = PBXFileReference; includeInIndex = 1; lastKnownFileType = text.xcconfig; name = "Pods-HarryPotterTriviaNight.debug.xcconfig"; path = "Target Support Files/Pods-HarryPotterTriviaNight/Pods-HarryPotterTriviaNight.debug.xcconfig"; sourceTree = "<group>"; };
		D9069DE2230A20C2008BE435 /* Teams.swift */ = {isa = PBXFileReference; lastKnownFileType = sourcecode.swift; path = Teams.swift; sourceTree = "<group>"; };
		D90F61C325B4B99700FC070D /* smoke1.mp4 */ = {isa = PBXFileReference; lastKnownFileType = file; path = smoke1.mp4; sourceTree = "<group>"; };
		D90F61C825B4BFB000FC070D /* smoke.mp4 */ = {isa = PBXFileReference; lastKnownFileType = file; path = smoke.mp4; sourceTree = "<group>"; };
		D90F61CB25B4C56A00FC070D /* background_music.mp3 */ = {isa = PBXFileReference; lastKnownFileType = audio.mp3; path = background_music.mp3; sourceTree = "<group>"; };
		D916452423F1153900CCBD71 /* RulesAndCreditsViewController.swift */ = {isa = PBXFileReference; lastKnownFileType = sourcecode.swift; path = RulesAndCreditsViewController.swift; sourceTree = "<group>"; };
		D916452623F146E500CCBD71 /* RulesViewController.swift */ = {isa = PBXFileReference; lastKnownFileType = sourcecode.swift; path = RulesViewController.swift; sourceTree = "<group>"; };
		D916452723F146E500CCBD71 /* RulesViewController.xib */ = {isa = PBXFileReference; lastKnownFileType = file.xib; path = RulesViewController.xib; sourceTree = "<group>"; };
		D916452B23F1471F00CCBD71 /* CreditsViewController.swift */ = {isa = PBXFileReference; lastKnownFileType = sourcecode.swift; path = CreditsViewController.swift; sourceTree = "<group>"; };
		D916452C23F1471F00CCBD71 /* CreditsViewController.xib */ = {isa = PBXFileReference; lastKnownFileType = file.xib; path = CreditsViewController.xib; sourceTree = "<group>"; };
		D92475E1287F9CDC0094D1CB /* es */ = {isa = PBXFileReference; lastKnownFileType = text.plist.strings; name = es; path = es.lproj/LaunchScreen.strings; sourceTree = "<group>"; };
		D92475E2287F9CDD0094D1CB /* es */ = {isa = PBXFileReference; lastKnownFileType = text.plist.strings; name = es; path = es.lproj/Main.strings; sourceTree = "<group>"; };
		D92475E3287F9CDD0094D1CB /* es */ = {isa = PBXFileReference; lastKnownFileType = text.plist.strings; name = es; path = es.lproj/Localizable.strings; sourceTree = "<group>"; };
		D92475E4287F9D180094D1CB /* es-419 */ = {isa = PBXFileReference; lastKnownFileType = text.plist.strings; name = "es-419"; path = "es-419.lproj/LaunchScreen.strings"; sourceTree = "<group>"; };
		D92475E5287F9D180094D1CB /* es-419 */ = {isa = PBXFileReference; lastKnownFileType = text.plist.strings; name = "es-419"; path = "es-419.lproj/Main.strings"; sourceTree = "<group>"; };
		D92475E6287F9D180094D1CB /* es-419 */ = {isa = PBXFileReference; lastKnownFileType = text.plist.strings; name = "es-419"; path = "es-419.lproj/Localizable.strings"; sourceTree = "<group>"; };
		D9251F6A2584BCA50069C6EA /* BlitzQuestionViewController.swift */ = {isa = PBXFileReference; lastKnownFileType = sourcecode.swift; path = BlitzQuestionViewController.swift; sourceTree = "<group>"; };
		D9251F6E2584BCB20069C6EA /* BlitzResultsViewController.swift */ = {isa = PBXFileReference; lastKnownFileType = sourcecode.swift; path = BlitzResultsViewController.swift; sourceTree = "<group>"; };
		D9251F712584BCF60069C6EA /* SurvivalQuestionViewController.swift */ = {isa = PBXFileReference; lastKnownFileType = sourcecode.swift; path = SurvivalQuestionViewController.swift; sourceTree = "<group>"; };
		D9251F742584BD000069C6EA /* SurvivalResultsViewController.swift */ = {isa = PBXFileReference; lastKnownFileType = sourcecode.swift; path = SurvivalResultsViewController.swift; sourceTree = "<group>"; };
		D9251F782584C0440069C6EA /* ConvertAllJSON.swift */ = {isa = PBXFileReference; lastKnownFileType = sourcecode.swift; path = ConvertAllJSON.swift; sourceTree = "<group>"; };
		D9251F7B2584C2070069C6EA /* AllQuestion.swift */ = {isa = PBXFileReference; lastKnownFileType = sourcecode.swift; path = AllQuestion.swift; sourceTree = "<group>"; };
		D9251F7F258586FF0069C6EA /* GameButton.swift */ = {isa = PBXFileReference; lastKnownFileType = sourcecode.swift; path = GameButton.swift; sourceTree = "<group>"; };
		D9251F8225888DC20069C6EA /* ScoresViewController.swift */ = {isa = PBXFileReference; lastKnownFileType = sourcecode.swift; path = ScoresViewController.swift; sourceTree = "<group>"; };
		D92BB1082550F2FF00BF84BE /* GameCreditsViewController.swift */ = {isa = PBXFileReference; lastKnownFileType = sourcecode.swift; path = GameCreditsViewController.swift; sourceTree = "<group>"; };
		D945B8EB22B6E91B0087E171 /* TriwizardTrivia.app */ = {isa = PBXFileReference; explicitFileType = wrapper.application; includeInIndex = 0; path = TriwizardTrivia.app; sourceTree = BUILT_PRODUCTS_DIR; };
		D945B8EE22B6E91B0087E171 /* AppDelegate.swift */ = {isa = PBXFileReference; lastKnownFileType = sourcecode.swift; path = AppDelegate.swift; sourceTree = "<group>"; };
		D945B8F022B6E91B0087E171 /* ViewController.swift */ = {isa = PBXFileReference; lastKnownFileType = sourcecode.swift; path = ViewController.swift; sourceTree = "<group>"; };
		D945B8F322B6E91B0087E171 /* Base */ = {isa = PBXFileReference; lastKnownFileType = file.storyboard; name = Base; path = Base.lproj/Main.storyboard; sourceTree = "<group>"; };
		D945B8F522B6E91D0087E171 /* Assets.xcassets */ = {isa = PBXFileReference; lastKnownFileType = folder.assetcatalog; path = Assets.xcassets; sourceTree = "<group>"; };
		D945B8F822B6E91D0087E171 /* Base */ = {isa = PBXFileReference; lastKnownFileType = file.storyboard; name = Base; path = Base.lproj/LaunchScreen.storyboard; sourceTree = "<group>"; };
		D945B8FA22B6E91D0087E171 /* Info.plist */ = {isa = PBXFileReference; lastKnownFileType = text.plist.xml; path = Info.plist; sourceTree = "<group>"; };
		D945B90122B9C99C0087E171 /* ParryHotter.ttf */ = {isa = PBXFileReference; lastKnownFileType = file; path = ParryHotter.ttf; sourceTree = "<group>"; };
		D967AFF22782D44D00A4B29D /* buttonClick.mp3 */ = {isa = PBXFileReference; lastKnownFileType = audio.mp3; path = buttonClick.mp3; sourceTree = "<group>"; };
		D972797328E0D11D00416071 /* en */ = {isa = PBXFileReference; lastKnownFileType = text.plist.strings; name = en; path = en.lproj/Localizable.strings; sourceTree = "<group>"; };
		D97AB16622BB1A2900124CAC /* GoogleService-Info.plist */ = {isa = PBXFileReference; fileEncoding = 4; lastKnownFileType = text.plist.xml; path = "GoogleService-Info.plist"; sourceTree = "<group>"; };
		D97AB16822BDAB2200124CAC /* Question.swift */ = {isa = PBXFileReference; lastKnownFileType = sourcecode.swift; path = Question.swift; sourceTree = "<group>"; };
		D97AB16A22BDEAF500124CAC /* QuestionViewController.swift */ = {isa = PBXFileReference; lastKnownFileType = sourcecode.swift; path = QuestionViewController.swift; sourceTree = "<group>"; };
		D97AB16C22C5925D00124CAC /* House.swift */ = {isa = PBXFileReference; lastKnownFileType = sourcecode.swift; path = House.swift; sourceTree = "<group>"; };
		D981C7ED27B8F795000831CF /* PotionsClassViewController.swift */ = {isa = PBXFileReference; lastKnownFileType = sourcecode.swift; path = PotionsClassViewController.swift; sourceTree = "<group>"; };
		D98D09F3254BDF5C00423F08 /* PartyRulesViewController.swift */ = {isa = PBXFileReference; lastKnownFileType = sourcecode.swift; path = PartyRulesViewController.swift; sourceTree = "<group>"; };
		D98D0A05254BF21E00423F08 /* ClassicPlayViewController.swift */ = {isa = PBXFileReference; lastKnownFileType = sourcecode.swift; path = ClassicPlayViewController.swift; sourceTree = "<group>"; };
		D98D0A09254BF41600423F08 /* ConvertSoloQuestions.swift */ = {isa = PBXFileReference; lastKnownFileType = sourcecode.swift; path = ConvertSoloQuestions.swift; sourceTree = "<group>"; };
		D98DCB022544FB2B0092B483 /* ModeSelectViewController.swift */ = {isa = PBXFileReference; lastKnownFileType = sourcecode.swift; path = ModeSelectViewController.swift; sourceTree = "<group>"; };
		D992D4A52545293300EEAC9F /* Extensions.swift */ = {isa = PBXFileReference; lastKnownFileType = sourcecode.swift; path = Extensions.swift; sourceTree = "<group>"; };
		D992D4A725452C6C00EEAC9F /* Constants.swift */ = {isa = PBXFileReference; lastKnownFileType = sourcecode.swift; path = Constants.swift; sourceTree = "<group>"; };
		D992D4A92545470300EEAC9F /* ClassicQuestionSelectionViewController.swift */ = {isa = PBXFileReference; lastKnownFileType = sourcecode.swift; path = ClassicQuestionSelectionViewController.swift; sourceTree = "<group>"; };
		D99F66A725591B89000EE745 /* harryPotterSoloQuestions.json */ = {isa = PBXFileReference; fileEncoding = 4; lastKnownFileType = text.json; path = harryPotterSoloQuestions.json; sourceTree = "<group>"; };
		D99F66AA255A0035000EE745 /* harry_potter_font.TTF */ = {isa = PBXFileReference; lastKnownFileType = file; path = harry_potter_font.TTF; sourceTree = "<group>"; };
		D99F66AD255A03F2000EE745 /* ClassicScoreResultsViewController.swift */ = {isa = PBXFileReference; lastKnownFileType = sourcecode.swift; path = ClassicScoreResultsViewController.swift; sourceTree = "<group>"; };
		D99F66B1255DF158000EE745 /* ConfigureVaryingSizes.swift */ = {isa = PBXFileReference; lastKnownFileType = sourcecode.swift; path = ConfigureVaryingSizes.swift; sourceTree = "<group>"; };
		D9AFF59625B3E213005D260A /* fantasticBeastsQuestions.json */ = {isa = PBXFileReference; fileEncoding = 4; lastKnownFileType = text.json; path = fantasticBeastsQuestions.json; sourceTree = "<group>"; };
		D9DAFD402320833500A87632 /* harryPotterTriviaQuestions.json */ = {isa = PBXFileReference; fileEncoding = 4; lastKnownFileType = text.json; name = harryPotterTriviaQuestions.json; path = "HarryPotterTriviaNight/Supporting Files/JSON/harryPotterTriviaQuestions.json"; sourceTree = SOURCE_ROOT; };
		D9DAFD422324779E00A87632 /* ResultsViewController.swift */ = {isa = PBXFileReference; lastKnownFileType = sourcecode.swift; path = ResultsViewController.swift; sourceTree = "<group>"; };
		D9FA2C5D27E5C369005C3939 /* TextButton.swift */ = {isa = PBXFileReference; lastKnownFileType = sourcecode.swift; path = TextButton.swift; sourceTree = "<group>"; };
		D9FA2C5F27E5C71D005C3939 /* WhiteLabel.swift */ = {isa = PBXFileReference; lastKnownFileType = sourcecode.swift; path = WhiteLabel.swift; sourceTree = "<group>"; };
		D9FA2C6327E81ABE005C3939 /* ConvertHangmanWords.swift */ = {isa = PBXFileReference; lastKnownFileType = sourcecode.swift; path = ConvertHangmanWords.swift; sourceTree = "<group>"; };
		D9FA2C8727EAF1D9005C3939 /* PotionsClassCategorySelectViewController.swift */ = {isa = PBXFileReference; lastKnownFileType = sourcecode.swift; path = PotionsClassCategorySelectViewController.swift; sourceTree = "<group>"; };
		D9FA2C8A27EC0551005C3939 /* Spells.json */ = {isa = PBXFileReference; fileEncoding = 4; lastKnownFileType = text.json; path = Spells.json; sourceTree = "<group>"; };
		D9FA2C8B27EC0551005C3939 /* Locations.json */ = {isa = PBXFileReference; fileEncoding = 4; lastKnownFileType = text.json; path = Locations.json; sourceTree = "<group>"; };
		D9FA2C8C27EC0551005C3939 /* Order Members.json */ = {isa = PBXFileReference; fileEncoding = 4; lastKnownFileType = text.json; path = "Order Members.json"; sourceTree = "<group>"; };
		D9FA2C8D27EC0551005C3939 /* Characters.json */ = {isa = PBXFileReference; fileEncoding = 4; lastKnownFileType = text.json; path = Characters.json; sourceTree = "<group>"; };
		D9FA2C8E27EC0551005C3939 /* Potions.json */ = {isa = PBXFileReference; fileEncoding = 4; lastKnownFileType = text.json; path = Potions.json; sourceTree = "<group>"; };
		D9FA2C8F27EC0551005C3939 /* Magical Beasts.json */ = {isa = PBXFileReference; fileEncoding = 4; lastKnownFileType = text.json; path = "Magical Beasts.json"; sourceTree = "<group>"; };
		D9FA2C9027EC0551005C3939 /* Death Eaters.json */ = {isa = PBXFileReference; fileEncoding = 4; lastKnownFileType = text.json; path = "Death Eaters.json"; sourceTree = "<group>"; };
		D9FA2C9827EFD6D9005C3939 /* HangmanCell.swift */ = {isa = PBXFileReference; lastKnownFileType = sourcecode.swift; path = HangmanCell.swift; sourceTree = "<group>"; };
/* End PBXFileReference section */

/* Begin PBXFrameworksBuildPhase section */
		D945B8E822B6E91B0087E171 /* Frameworks */ = {
			isa = PBXFrameworksBuildPhase;
			buildActionMask = 2147483647;
			files = (
				42122BB3D27AB02A67E5B924 /* Pods_HarryPotterTriviaNight.framework in Frameworks */,
			);
			runOnlyForDeploymentPostprocessing = 0;
		};
/* End PBXFrameworksBuildPhase section */

/* Begin PBXGroup section */
		29088C71DA57E0091E05C1AF /* Frameworks */ = {
			isa = PBXGroup;
			children = (
				274FAB62CB3777FAD32CB169 /* Pods_HarryPotterTriviaNight.framework */,
			);
			name = Frameworks;
			sourceTree = "<group>";
		};
		BC810405BA339D95CBD380E0 /* Pods */ = {
			isa = PBXGroup;
			children = (
				59B9A759F01725057B3365B2 /* Pods-HarryPotterTriviaNight.debug.xcconfig */,
				2A6EC13A5D995217C99BE26E /* Pods-HarryPotterTriviaNight.release.xcconfig */,
			);
			path = Pods;
			sourceTree = "<group>";
		};
		D9069DE0230A1F29008BE435 /* Models */ = {
			isa = PBXGroup;
			children = (
				D97AB16C22C5925D00124CAC /* House.swift */,
				D97AB16822BDAB2200124CAC /* Question.swift */,
				D9069DE2230A20C2008BE435 /* Teams.swift */,
				D98D0A09254BF41600423F08 /* ConvertSoloQuestions.swift */,
				D9251F782584C0440069C6EA /* ConvertAllJSON.swift */,
				D9251F7B2584C2070069C6EA /* AllQuestion.swift */,
				D9FA2C6327E81ABE005C3939 /* ConvertHangmanWords.swift */,
			);
			path = Models;
			sourceTree = "<group>";
		};
		D9069DE1230A1F6E008BE435 /* Controllers */ = {
			isa = PBXGroup;
			children = (
				D9251F6625844DDF0069C6EA /* Blitz */,
				D9251F6225844D7C0069C6EA /* Classic */,
				D9251F692584BC660069C6EA /* Global */,
				D9251F6425844DB70069C6EA /* Party */,
				D981C7EC27B8F769000831CF /* Potions */,
				D9251F6725844DEA0069C6EA /* Survival */,
			);
			path = Controllers;
			sourceTree = "<group>";
		};
		D916452A23F146F800CCBD71 /* SegmentedView */ = {
			isa = PBXGroup;
			children = (
				D916452623F146E500CCBD71 /* RulesViewController.swift */,
				D916452723F146E500CCBD71 /* RulesViewController.xib */,
				D916452B23F1471F00CCBD71 /* CreditsViewController.swift */,
				D916452C23F1471F00CCBD71 /* CreditsViewController.xib */,
			);
			path = SegmentedView;
			sourceTree = "<group>";
		};
		D9251F6225844D7C0069C6EA /* Classic */ = {
			isa = PBXGroup;
			children = (
				D992D4A92545470300EEAC9F /* ClassicQuestionSelectionViewController.swift */,
				D98D0A05254BF21E00423F08 /* ClassicPlayViewController.swift */,
				D99F66AD255A03F2000EE745 /* ClassicScoreResultsViewController.swift */,
			);
			path = Classic;
			sourceTree = "<group>";
		};
		D9251F6425844DB70069C6EA /* Party */ = {
			isa = PBXGroup;
			children = (
				D98D09F3254BDF5C00423F08 /* PartyRulesViewController.swift */,
				D97AB16A22BDEAF500124CAC /* QuestionViewController.swift */,
				D9DAFD422324779E00A87632 /* ResultsViewController.swift */,
				D945B8F022B6E91B0087E171 /* ViewController.swift */,
			);
			path = Party;
			sourceTree = "<group>";
		};
		D9251F6625844DDF0069C6EA /* Blitz */ = {
			isa = PBXGroup;
			children = (
				D9251F6A2584BCA50069C6EA /* BlitzQuestionViewController.swift */,
				D9251F6E2584BCB20069C6EA /* BlitzResultsViewController.swift */,
			);
			path = Blitz;
			sourceTree = "<group>";
		};
		D9251F6725844DEA0069C6EA /* Survival */ = {
			isa = PBXGroup;
			children = (
				D9251F712584BCF60069C6EA /* SurvivalQuestionViewController.swift */,
				D9251F742584BD000069C6EA /* SurvivalResultsViewController.swift */,
			);
			path = Survival;
			sourceTree = "<group>";
		};
		D9251F692584BC660069C6EA /* Global */ = {
			isa = PBXGroup;
			children = (
				D98DCB022544FB2B0092B483 /* ModeSelectViewController.swift */,
				D92BB1082550F2FF00BF84BE /* GameCreditsViewController.swift */,
				D916452423F1153900CCBD71 /* RulesAndCreditsViewController.swift */,
				D9251F8225888DC20069C6EA /* ScoresViewController.swift */,
			);
			path = Global;
			sourceTree = "<group>";
		};
		D9251F7E258586DA0069C6EA /* Views */ = {
			isa = PBXGroup;
			children = (
				D9251F7F258586FF0069C6EA /* GameButton.swift */,
				D9FA2C5D27E5C369005C3939 /* TextButton.swift */,
				D9FA2C5F27E5C71D005C3939 /* WhiteLabel.swift */,
				D9FA2C9827EFD6D9005C3939 /* HangmanCell.swift */,
			);
			path = Views;
			sourceTree = "<group>";
		};
		D945B8E222B6E91B0087E171 = {
			isa = PBXGroup;
			children = (
				D945B8ED22B6E91B0087E171 /* HarryPotterTriviaNight */,
				D945B90022B9C9740087E171 /* Fonts */,
				D945B8EC22B6E91B0087E171 /* Products */,
				BC810405BA339D95CBD380E0 /* Pods */,
				29088C71DA57E0091E05C1AF /* Frameworks */,
			);
			sourceTree = "<group>";
		};
		D945B8EC22B6E91B0087E171 /* Products */ = {
			isa = PBXGroup;
			children = (
				D945B8EB22B6E91B0087E171 /* TriwizardTrivia.app */,
			);
			name = Products;
			sourceTree = "<group>";
		};
		D945B8ED22B6E91B0087E171 /* HarryPotterTriviaNight */ = {
			isa = PBXGroup;
			children = (
				D916452A23F146F800CCBD71 /* SegmentedView */,
				D945B8EE22B6E91B0087E171 /* AppDelegate.swift */,
				D945B8F722B6E91D0087E171 /* LaunchScreen.storyboard */,
				D945B8F222B6E91B0087E171 /* Main.storyboard */,
				D9251F7E258586DA0069C6EA /* Views */,
				D9069DE1230A1F6E008BE435 /* Controllers */,
				D945B8F522B6E91D0087E171 /* Assets.xcassets */,
				D945B8FA22B6E91D0087E171 /* Info.plist */,
				D97AB16622BB1A2900124CAC /* GoogleService-Info.plist */,
				D9069DE0230A1F29008BE435 /* Models */,
				D992D4AB254547EF00EEAC9F /* Supporting Files */,
			);
			path = HarryPotterTriviaNight;
			sourceTree = "<group>";
		};
		D945B90022B9C9740087E171 /* Fonts */ = {
			isa = PBXGroup;
			children = (
				D945B90122B9C99C0087E171 /* ParryHotter.ttf */,
				D99F66AA255A0035000EE745 /* harry_potter_font.TTF */,
			);
			path = Fonts;
			sourceTree = "<group>";
		};
		D981C7EC27B8F769000831CF /* Potions */ = {
			isa = PBXGroup;
			children = (
				D9FA2C8727EAF1D9005C3939 /* PotionsClassCategorySelectViewController.swift */,
				D981C7ED27B8F795000831CF /* PotionsClassViewController.swift */,
			);
			path = Potions;
			sourceTree = "<group>";
		};
		D992D4AB254547EF00EEAC9F /* Supporting Files */ = {
			isa = PBXGroup;
			children = (
				D9FA2C8927EC0543005C3939 /* JSON */,
				D967AFF22782D44D00A4B29D /* buttonClick.mp3 */,
				D90F61CB25B4C56A00FC070D /* background_music.mp3 */,
				D90F61C825B4BFB000FC070D /* smoke.mp4 */,
				D90F61C325B4B99700FC070D /* smoke1.mp4 */,
				D992D4A52545293300EEAC9F /* Extensions.swift */,
				D992D4A725452C6C00EEAC9F /* Constants.swift */,
				D99F66B1255DF158000EE745 /* ConfigureVaryingSizes.swift */,
				D92475E0287F9B8F0094D1CB /* Localizable.strings */,
			);
			path = "Supporting Files";
			sourceTree = "<group>";
		};
		D9FA2C8927EC0543005C3939 /* JSON */ = {
			isa = PBXGroup;
			children = (
				D9FA2C8D27EC0551005C3939 /* Characters.json */,
				D9FA2C9027EC0551005C3939 /* Death Eaters.json */,
				D9FA2C8B27EC0551005C3939 /* Locations.json */,
				D9FA2C8F27EC0551005C3939 /* Magical Beasts.json */,
				D9FA2C8C27EC0551005C3939 /* Order Members.json */,
				D9FA2C8E27EC0551005C3939 /* Potions.json */,
				D9FA2C8A27EC0551005C3939 /* Spells.json */,
				D9AFF59625B3E213005D260A /* fantasticBeastsQuestions.json */,
				D9DAFD402320833500A87632 /* harryPotterTriviaQuestions.json */,
				D99F66A725591B89000EE745 /* harryPotterSoloQuestions.json */,
			);
			path = JSON;
			sourceTree = "<group>";
		};
/* End PBXGroup section */

/* Begin PBXNativeTarget section */
		D945B8EA22B6E91B0087E171 /* HarryPotterTriviaNight */ = {
			isa = PBXNativeTarget;
			buildConfigurationList = D945B8FD22B6E91D0087E171 /* Build configuration list for PBXNativeTarget "HarryPotterTriviaNight" */;
			buildPhases = (
				C6D37E8A6200E918A0B882FD /* [CP] Check Pods Manifest.lock */,
				D945B8E722B6E91B0087E171 /* Sources */,
				D945B8E822B6E91B0087E171 /* Frameworks */,
				D945B8E922B6E91B0087E171 /* Resources */,
				4D822EE40A3B1092E82CBABF /* [CP] Embed Pods Frameworks */,
			);
			buildRules = (
			);
			dependencies = (
			);
			name = HarryPotterTriviaNight;
			productName = HarryPotterTriviaNight;
			productReference = D945B8EB22B6E91B0087E171 /* TriwizardTrivia.app */;
			productType = "com.apple.product-type.application";
		};
/* End PBXNativeTarget section */

/* Begin PBXProject section */
		D945B8E322B6E91B0087E171 /* Project object */ = {
			isa = PBXProject;
			attributes = {
				LastSwiftUpdateCheck = 1010;
				LastUpgradeCheck = 1210;
				ORGANIZATIONNAME = HaroldDavidson;
				TargetAttributes = {
					D945B8EA22B6E91B0087E171 = {
						CreatedOnToolsVersion = 10.1;
						LastSwiftMigration = 1100;
					};
				};
			};
			buildConfigurationList = D945B8E622B6E91B0087E171 /* Build configuration list for PBXProject "HarryPotterTriviaNight" */;
			compatibilityVersion = "Xcode 11.0";
			developmentRegion = en;
			hasScannedForEncodings = 0;
			knownRegions = (
				en,
				Base,
				es,
				"es-419",
			);
			mainGroup = D945B8E222B6E91B0087E171;
			productRefGroup = D945B8EC22B6E91B0087E171 /* Products */;
			projectDirPath = "";
			projectRoot = "";
			targets = (
				D945B8EA22B6E91B0087E171 /* HarryPotterTriviaNight */,
			);
		};
/* End PBXProject section */

/* Begin PBXResourcesBuildPhase section */
		D945B8E922B6E91B0087E171 /* Resources */ = {
			isa = PBXResourcesBuildPhase;
			buildActionMask = 2147483647;
			files = (
				D90F61CC25B4C56A00FC070D /* background_music.mp3 in Resources */,
				D99F66A825591B89000EE745 /* harryPotterSoloQuestions.json in Resources */,
				D92475DE287F9B8F0094D1CB /* Localizable.strings in Resources */,
				D945B8F922B6E91D0087E171 /* LaunchScreen.storyboard in Resources */,
				D945B8F622B6E91D0087E171 /* Assets.xcassets in Resources */,
				D97AB16722BB1A2900124CAC /* GoogleService-Info.plist in Resources */,
				D90F61C425B4B99700FC070D /* smoke1.mp4 in Resources */,
				D99F66AB255A0035000EE745 /* harry_potter_font.TTF in Resources */,
				D916452923F146E500CCBD71 /* RulesViewController.xib in Resources */,
				D9DAFD412320833500A87632 /* harryPotterTriviaQuestions.json in Resources */,
				D9FA2C9527EC0552005C3939 /* Potions.json in Resources */,
				D945B8F422B6E91B0087E171 /* Main.storyboard in Resources */,
				D945B90222B9C99C0087E171 /* ParryHotter.ttf in Resources */,
				D9FA2C9727EC0552005C3939 /* Death Eaters.json in Resources */,
				D9FA2C9127EC0552005C3939 /* Spells.json in Resources */,
				D9AFF59725B3E213005D260A /* fantasticBeastsQuestions.json in Resources */,
				D9FA2C9227EC0552005C3939 /* Locations.json in Resources */,
				D9FA2C9427EC0552005C3939 /* Characters.json in Resources */,
				D916452E23F1471F00CCBD71 /* CreditsViewController.xib in Resources */,
				D9FA2C9327EC0552005C3939 /* Order Members.json in Resources */,
				D90F61C925B4BFB000FC070D /* smoke.mp4 in Resources */,
				D967AFF32782D44D00A4B29D /* buttonClick.mp3 in Resources */,
				D9FA2C9627EC0552005C3939 /* Magical Beasts.json in Resources */,
			);
			runOnlyForDeploymentPostprocessing = 0;
		};
/* End PBXResourcesBuildPhase section */

/* Begin PBXShellScriptBuildPhase section */
		4D822EE40A3B1092E82CBABF /* [CP] Embed Pods Frameworks */ = {
			isa = PBXShellScriptBuildPhase;
			buildActionMask = 2147483647;
			files = (
			);
			inputFileListPaths = (
				"${PODS_ROOT}/Target Support Files/Pods-HarryPotterTriviaNight/Pods-HarryPotterTriviaNight-frameworks-${CONFIGURATION}-input-files.xcfilelist",
			);
			name = "[CP] Embed Pods Frameworks";
			outputFileListPaths = (
				"${PODS_ROOT}/Target Support Files/Pods-HarryPotterTriviaNight/Pods-HarryPotterTriviaNight-frameworks-${CONFIGURATION}-output-files.xcfilelist",
			);
			runOnlyForDeploymentPostprocessing = 0;
			shellPath = /bin/sh;
			shellScript = "\"${PODS_ROOT}/Target Support Files/Pods-HarryPotterTriviaNight/Pods-HarryPotterTriviaNight-frameworks.sh\"\n";
			showEnvVarsInLog = 0;
		};
		C6D37E8A6200E918A0B882FD /* [CP] Check Pods Manifest.lock */ = {
			isa = PBXShellScriptBuildPhase;
			buildActionMask = 2147483647;
			files = (
			);
			inputFileListPaths = (
			);
			inputPaths = (
				"${PODS_PODFILE_DIR_PATH}/Podfile.lock",
				"${PODS_ROOT}/Manifest.lock",
			);
			name = "[CP] Check Pods Manifest.lock";
			outputFileListPaths = (
			);
			outputPaths = (
				"$(DERIVED_FILE_DIR)/Pods-HarryPotterTriviaNight-checkManifestLockResult.txt",
			);
			runOnlyForDeploymentPostprocessing = 0;
			shellPath = /bin/sh;
			shellScript = "diff \"${PODS_PODFILE_DIR_PATH}/Podfile.lock\" \"${PODS_ROOT}/Manifest.lock\" > /dev/null\nif [ $? != 0 ] ; then\n    # print error to STDERR\n    echo \"error: The sandbox is not in sync with the Podfile.lock. Run 'pod install' or update your CocoaPods installation.\" >&2\n    exit 1\nfi\n# This output is used by Xcode 'outputs' to avoid re-running this script phase.\necho \"SUCCESS\" > \"${SCRIPT_OUTPUT_FILE_0}\"\n";
			showEnvVarsInLog = 0;
		};
/* End PBXShellScriptBuildPhase section */

/* Begin PBXSourcesBuildPhase section */
		D945B8E722B6E91B0087E171 /* Sources */ = {
			isa = PBXSourcesBuildPhase;
			buildActionMask = 2147483647;
			files = (
				D9FA2C8827EAF1DA005C3939 /* PotionsClassCategorySelectViewController.swift in Sources */,
				D9FA2C6427E81ABE005C3939 /* ConvertHangmanWords.swift in Sources */,
				D9251F792584C0440069C6EA /* ConvertAllJSON.swift in Sources */,
				D9251F6F2584BCB20069C6EA /* BlitzResultsViewController.swift in Sources */,
				D9069DE3230A20C2008BE435 /* Teams.swift in Sources */,
				D916452523F1153900CCBD71 /* RulesAndCreditsViewController.swift in Sources */,
				D98D09F4254BDF5C00423F08 /* PartyRulesViewController.swift in Sources */,
				D97AB16922BDAB2200124CAC /* Question.swift in Sources */,
				D945B8F122B6E91B0087E171 /* ViewController.swift in Sources */,
				D9251F80258586FF0069C6EA /* GameButton.swift in Sources */,
				D9FA2C5E27E5C369005C3939 /* TextButton.swift in Sources */,
				D981C7EE27B8F795000831CF /* PotionsClassViewController.swift in Sources */,
				D98D0A0A254BF41600423F08 /* ConvertSoloQuestions.swift in Sources */,
				D99F66AE255A03F2000EE745 /* ClassicScoreResultsViewController.swift in Sources */,
				D9FA2C6027E5C71D005C3939 /* WhiteLabel.swift in Sources */,
				D916452823F146E500CCBD71 /* RulesViewController.swift in Sources */,
				D9DAFD432324779E00A87632 /* ResultsViewController.swift in Sources */,
				D992D4A825452C6C00EEAC9F /* Constants.swift in Sources */,
				D992D4AA2545470300EEAC9F /* ClassicQuestionSelectionViewController.swift in Sources */,
				D97AB16B22BDEAF600124CAC /* QuestionViewController.swift in Sources */,
				D9251F722584BCF60069C6EA /* SurvivalQuestionViewController.swift in Sources */,
				D9251F7C2584C2070069C6EA /* AllQuestion.swift in Sources */,
				D992D4A62545293300EEAC9F /* Extensions.swift in Sources */,
				D97AB16D22C5925D00124CAC /* House.swift in Sources */,
				D98DCB032544FB2B0092B483 /* ModeSelectViewController.swift in Sources */,
				D9FA2C9927EFD6D9005C3939 /* HangmanCell.swift in Sources */,
				D945B8EF22B6E91B0087E171 /* AppDelegate.swift in Sources */,
				D98D0A06254BF21E00423F08 /* ClassicPlayViewController.swift in Sources */,
				D9251F752584BD000069C6EA /* SurvivalResultsViewController.swift in Sources */,
				D9251F8325888DC20069C6EA /* ScoresViewController.swift in Sources */,
				D916452D23F1471F00CCBD71 /* CreditsViewController.swift in Sources */,
				D99F66B2255DF158000EE745 /* ConfigureVaryingSizes.swift in Sources */,
				D92BB1092550F2FF00BF84BE /* GameCreditsViewController.swift in Sources */,
				D9251F6B2584BCA50069C6EA /* BlitzQuestionViewController.swift in Sources */,
			);
			runOnlyForDeploymentPostprocessing = 0;
		};
/* End PBXSourcesBuildPhase section */

/* Begin PBXVariantGroup section */
		D92475E0287F9B8F0094D1CB /* Localizable.strings */ = {
			isa = PBXVariantGroup;
			children = (
				D92475E3287F9CDD0094D1CB /* es */,
				D92475E6287F9D180094D1CB /* es-419 */,
				D972797328E0D11D00416071 /* en */,
			);
			name = Localizable.strings;
			sourceTree = "<group>";
		};
		D945B8F222B6E91B0087E171 /* Main.storyboard */ = {
			isa = PBXVariantGroup;
			children = (
				D945B8F322B6E91B0087E171 /* Base */,
				D92475E2287F9CDD0094D1CB /* es */,
				D92475E5287F9D180094D1CB /* es-419 */,
			);
			name = Main.storyboard;
			sourceTree = "<group>";
		};
		D945B8F722B6E91D0087E171 /* LaunchScreen.storyboard */ = {
			isa = PBXVariantGroup;
			children = (
				D945B8F822B6E91D0087E171 /* Base */,
				D92475E1287F9CDC0094D1CB /* es */,
				D92475E4287F9D180094D1CB /* es-419 */,
			);
			name = LaunchScreen.storyboard;
			sourceTree = "<group>";
		};
/* End PBXVariantGroup section */

/* Begin XCBuildConfiguration section */
		D945B8FB22B6E91D0087E171 /* Debug */ = {
			isa = XCBuildConfiguration;
			buildSettings = {
				ALWAYS_SEARCH_USER_PATHS = NO;
				CLANG_ANALYZER_LOCALIZABILITY_NONLOCALIZED = YES;
				CLANG_ANALYZER_NONNULL = YES;
				CLANG_ANALYZER_NUMBER_OBJECT_CONVERSION = YES_AGGRESSIVE;
				CLANG_CXX_LANGUAGE_STANDARD = "gnu++14";
				CLANG_CXX_LIBRARY = "libc++";
				CLANG_ENABLE_MODULES = YES;
				CLANG_ENABLE_OBJC_ARC = YES;
				CLANG_ENABLE_OBJC_WEAK = YES;
				CLANG_WARN_BLOCK_CAPTURE_AUTORELEASING = YES;
				CLANG_WARN_BOOL_CONVERSION = YES;
				CLANG_WARN_COMMA = YES;
				CLANG_WARN_CONSTANT_CONVERSION = YES;
				CLANG_WARN_DEPRECATED_OBJC_IMPLEMENTATIONS = YES;
				CLANG_WARN_DIRECT_OBJC_ISA_USAGE = YES_ERROR;
				CLANG_WARN_DOCUMENTATION_COMMENTS = YES;
				CLANG_WARN_EMPTY_BODY = YES;
				CLANG_WARN_ENUM_CONVERSION = YES;
				CLANG_WARN_INFINITE_RECURSION = YES;
				CLANG_WARN_INT_CONVERSION = YES;
				CLANG_WARN_NON_LITERAL_NULL_CONVERSION = YES;
				CLANG_WARN_OBJC_IMPLICIT_RETAIN_SELF = YES;
				CLANG_WARN_OBJC_LITERAL_CONVERSION = YES;
				CLANG_WARN_OBJC_ROOT_CLASS = YES_ERROR;
				CLANG_WARN_QUOTED_INCLUDE_IN_FRAMEWORK_HEADER = YES;
				CLANG_WARN_RANGE_LOOP_ANALYSIS = YES;
				CLANG_WARN_STRICT_PROTOTYPES = YES;
				CLANG_WARN_SUSPICIOUS_MOVE = YES;
				CLANG_WARN_UNGUARDED_AVAILABILITY = YES_AGGRESSIVE;
				CLANG_WARN_UNREACHABLE_CODE = YES;
				CLANG_WARN__DUPLICATE_METHOD_MATCH = YES;
				CODE_SIGN_IDENTITY = "iPhone Developer";
				COPY_PHASE_STRIP = NO;
				DEBUG_INFORMATION_FORMAT = dwarf;
				ENABLE_STRICT_OBJC_MSGSEND = YES;
				ENABLE_TESTABILITY = YES;
				GCC_C_LANGUAGE_STANDARD = gnu11;
				GCC_DYNAMIC_NO_PIC = NO;
				GCC_NO_COMMON_BLOCKS = YES;
				GCC_OPTIMIZATION_LEVEL = 0;
				GCC_PREPROCESSOR_DEFINITIONS = (
					"DEBUG=1",
					"$(inherited)",
				);
				GCC_WARN_64_TO_32_BIT_CONVERSION = YES;
				GCC_WARN_ABOUT_RETURN_TYPE = YES_ERROR;
				GCC_WARN_UNDECLARED_SELECTOR = YES;
				GCC_WARN_UNINITIALIZED_AUTOS = YES_AGGRESSIVE;
				GCC_WARN_UNUSED_FUNCTION = YES;
				GCC_WARN_UNUSED_VARIABLE = YES;
				IPHONEOS_DEPLOYMENT_TARGET = 12.1;
				MTL_ENABLE_DEBUG_INFO = INCLUDE_SOURCE;
				MTL_FAST_MATH = YES;
				ONLY_ACTIVE_ARCH = YES;
				SDKROOT = iphoneos;
				SWIFT_ACTIVE_COMPILATION_CONDITIONS = DEBUG;
				SWIFT_OPTIMIZATION_LEVEL = "-Onone";
			};
			name = Debug;
		};
		D945B8FC22B6E91D0087E171 /* Release */ = {
			isa = XCBuildConfiguration;
			buildSettings = {
				ALWAYS_SEARCH_USER_PATHS = NO;
				CLANG_ANALYZER_LOCALIZABILITY_NONLOCALIZED = YES;
				CLANG_ANALYZER_NONNULL = YES;
				CLANG_ANALYZER_NUMBER_OBJECT_CONVERSION = YES_AGGRESSIVE;
				CLANG_CXX_LANGUAGE_STANDARD = "gnu++14";
				CLANG_CXX_LIBRARY = "libc++";
				CLANG_ENABLE_MODULES = YES;
				CLANG_ENABLE_OBJC_ARC = YES;
				CLANG_ENABLE_OBJC_WEAK = YES;
				CLANG_WARN_BLOCK_CAPTURE_AUTORELEASING = YES;
				CLANG_WARN_BOOL_CONVERSION = YES;
				CLANG_WARN_COMMA = YES;
				CLANG_WARN_CONSTANT_CONVERSION = YES;
				CLANG_WARN_DEPRECATED_OBJC_IMPLEMENTATIONS = YES;
				CLANG_WARN_DIRECT_OBJC_ISA_USAGE = YES_ERROR;
				CLANG_WARN_DOCUMENTATION_COMMENTS = YES;
				CLANG_WARN_EMPTY_BODY = YES;
				CLANG_WARN_ENUM_CONVERSION = YES;
				CLANG_WARN_INFINITE_RECURSION = YES;
				CLANG_WARN_INT_CONVERSION = YES;
				CLANG_WARN_NON_LITERAL_NULL_CONVERSION = YES;
				CLANG_WARN_OBJC_IMPLICIT_RETAIN_SELF = YES;
				CLANG_WARN_OBJC_LITERAL_CONVERSION = YES;
				CLANG_WARN_OBJC_ROOT_CLASS = YES_ERROR;
				CLANG_WARN_QUOTED_INCLUDE_IN_FRAMEWORK_HEADER = YES;
				CLANG_WARN_RANGE_LOOP_ANALYSIS = YES;
				CLANG_WARN_STRICT_PROTOTYPES = YES;
				CLANG_WARN_SUSPICIOUS_MOVE = YES;
				CLANG_WARN_UNGUARDED_AVAILABILITY = YES_AGGRESSIVE;
				CLANG_WARN_UNREACHABLE_CODE = YES;
				CLANG_WARN__DUPLICATE_METHOD_MATCH = YES;
				CODE_SIGN_IDENTITY = "iPhone Developer";
				COPY_PHASE_STRIP = NO;
				DEBUG_INFORMATION_FORMAT = "dwarf-with-dsym";
				ENABLE_NS_ASSERTIONS = NO;
				ENABLE_STRICT_OBJC_MSGSEND = YES;
				GCC_C_LANGUAGE_STANDARD = gnu11;
				GCC_NO_COMMON_BLOCKS = YES;
				GCC_WARN_64_TO_32_BIT_CONVERSION = YES;
				GCC_WARN_ABOUT_RETURN_TYPE = YES_ERROR;
				GCC_WARN_UNDECLARED_SELECTOR = YES;
				GCC_WARN_UNINITIALIZED_AUTOS = YES_AGGRESSIVE;
				GCC_WARN_UNUSED_FUNCTION = YES;
				GCC_WARN_UNUSED_VARIABLE = YES;
				IPHONEOS_DEPLOYMENT_TARGET = 12.1;
				MTL_ENABLE_DEBUG_INFO = NO;
				MTL_FAST_MATH = YES;
				SDKROOT = iphoneos;
				SWIFT_COMPILATION_MODE = wholemodule;
				SWIFT_OPTIMIZATION_LEVEL = "-O";
				VALIDATE_PRODUCT = YES;
			};
			name = Release;
		};
		D945B8FE22B6E91D0087E171 /* Debug */ = {
			isa = XCBuildConfiguration;
			baseConfigurationReference = 59B9A759F01725057B3365B2 /* Pods-HarryPotterTriviaNight.debug.xcconfig */;
			buildSettings = {
				ASSETCATALOG_COMPILER_APPICON_NAME = AppIcon;
				CODE_SIGN_STYLE = Automatic;
				CURRENT_PROJECT_VERSION = 2;
				DEVELOPMENT_TEAM = 464PVQ34ND;
				INFOPLIST_FILE = HarryPotterTriviaNight/Info.plist;
				IPHONEOS_DEPLOYMENT_TARGET = 13.0;
				LD_RUNPATH_SEARCH_PATHS = (
					"$(inherited)",
					"@executable_path/Frameworks",
				);
				MARKETING_VERSION = 5.0.2;
				PRODUCT_BUNDLE_IDENTIFIER = com.harolddavidson.TriwizardTrivia;
				PRODUCT_NAME = TriwizardTrivia;
				SWIFT_VERSION = 5.0;
				TARGETED_DEVICE_FAMILY = 1;
			};
			name = Debug;
		};
		D945B8FF22B6E91D0087E171 /* Release */ = {
			isa = XCBuildConfiguration;
			baseConfigurationReference = 2A6EC13A5D995217C99BE26E /* Pods-HarryPotterTriviaNight.release.xcconfig */;
			buildSettings = {
				ASSETCATALOG_COMPILER_APPICON_NAME = AppIcon;
				CODE_SIGN_STYLE = Automatic;
				CURRENT_PROJECT_VERSION = 2;
				DEVELOPMENT_TEAM = 464PVQ34ND;
				INFOPLIST_FILE = HarryPotterTriviaNight/Info.plist;
				IPHONEOS_DEPLOYMENT_TARGET = 13.0;
				LD_RUNPATH_SEARCH_PATHS = (
					"$(inherited)",
					"@executable_path/Frameworks",
				);
				MARKETING_VERSION = 5.0.2;
				PRODUCT_BUNDLE_IDENTIFIER = com.harolddavidson.TriwizardTrivia;
				PRODUCT_NAME = TriwizardTrivia;
				SWIFT_VERSION = 5.0;
				TARGETED_DEVICE_FAMILY = 1;
			};
			name = Release;
		};
/* End XCBuildConfiguration section */

/* Begin XCConfigurationList section */
		D945B8E622B6E91B0087E171 /* Build configuration list for PBXProject "HarryPotterTriviaNight" */ = {
			isa = XCConfigurationList;
			buildConfigurations = (
				D945B8FB22B6E91D0087E171 /* Debug */,
				D945B8FC22B6E91D0087E171 /* Release */,
			);
			defaultConfigurationIsVisible = 0;
			defaultConfigurationName = Release;
		};
		D945B8FD22B6E91D0087E171 /* Build configuration list for PBXNativeTarget "HarryPotterTriviaNight" */ = {
			isa = XCConfigurationList;
			buildConfigurations = (
				D945B8FE22B6E91D0087E171 /* Debug */,
				D945B8FF22B6E91D0087E171 /* Release */,
			);
			defaultConfigurationIsVisible = 0;
			defaultConfigurationName = Release;
		};
/* End XCConfigurationList section */
	};
	rootObject = D945B8E322B6E91B0087E171 /* Project object */;
}
